// !$*UTF8*$!
{
	archiveVersion = 1;
	classes = {
	};
	objectVersion = 55;
	objects = {

/* Begin PBXBuildFile section */
		4D118D4628DBA00B00BEDE14 /* AppDelegate.swift in Sources */ = {isa = PBXBuildFile; fileRef = 4D118D4528DBA00B00BEDE14 /* AppDelegate.swift */; };
		4D118D4828DBA00B00BEDE14 /* SceneDelegate.swift in Sources */ = {isa = PBXBuildFile; fileRef = 4D118D4728DBA00B00BEDE14 /* SceneDelegate.swift */; };
		4D118D4F28DBA00D00BEDE14 /* Assets.xcassets in Resources */ = {isa = PBXBuildFile; fileRef = 4D118D4E28DBA00D00BEDE14 /* Assets.xcassets */; };
		4D118D5228DBA00D00BEDE14 /* LaunchScreen.storyboard in Resources */ = {isa = PBXBuildFile; fileRef = 4D118D5028DBA00D00BEDE14 /* LaunchScreen.storyboard */; };
		4D118D5A28DC239D00BEDE14 /* SearchVC.swift in Sources */ = {isa = PBXBuildFile; fileRef = 4D118D5928DC239D00BEDE14 /* SearchVC.swift */; };
		4D118D5C28DC23C400BEDE14 /* FavoritesListVC.swift in Sources */ = {isa = PBXBuildFile; fileRef = 4D118D5B28DC23C400BEDE14 /* FavoritesListVC.swift */; };
		4D118D5E28DCAECF00BEDE14 /* GFButton.swift in Sources */ = {isa = PBXBuildFile; fileRef = 4D118D5D28DCAECF00BEDE14 /* GFButton.swift */; };
		4D118D6028DCB26100BEDE14 /* GFTextField.swift in Sources */ = {isa = PBXBuildFile; fileRef = 4D118D5F28DCB26100BEDE14 /* GFTextField.swift */; };
		4D118D6228DCE7BC00BEDE14 /* FollowerListVC.swift in Sources */ = {isa = PBXBuildFile; fileRef = 4D118D6128DCE7BC00BEDE14 /* FollowerListVC.swift */; };
		4D118D6428DD72C000BEDE14 /* GFTitleLabel.swift in Sources */ = {isa = PBXBuildFile; fileRef = 4D118D6328DD72C000BEDE14 /* GFTitleLabel.swift */; };
		4D118D6628DD741000BEDE14 /* GFBodyLabel.swift in Sources */ = {isa = PBXBuildFile; fileRef = 4D118D6528DD741000BEDE14 /* GFBodyLabel.swift */; };
		4D118D6828DD74CF00BEDE14 /* GFAlertVC.swift in Sources */ = {isa = PBXBuildFile; fileRef = 4D118D6728DD74CF00BEDE14 /* GFAlertVC.swift */; };
		4DD38FE728E2F112007EA354 /* UIViewController.swift in Sources */ = {isa = PBXBuildFile; fileRef = 4DD38FE628E2F112007EA354 /* UIViewController.swift */; };
/* End PBXBuildFile section */

/* Begin PBXFileReference section */
		4D118D4228DBA00B00BEDE14 /* GitHubFollower.app */ = {isa = PBXFileReference; explicitFileType = wrapper.application; includeInIndex = 0; path = GitHubFollower.app; sourceTree = BUILT_PRODUCTS_DIR; };
		4D118D4528DBA00B00BEDE14 /* AppDelegate.swift */ = {isa = PBXFileReference; lastKnownFileType = sourcecode.swift; path = AppDelegate.swift; sourceTree = "<group>"; };
		4D118D4728DBA00B00BEDE14 /* SceneDelegate.swift */ = {isa = PBXFileReference; lastKnownFileType = sourcecode.swift; path = SceneDelegate.swift; sourceTree = "<group>"; };
		4D118D4E28DBA00D00BEDE14 /* Assets.xcassets */ = {isa = PBXFileReference; lastKnownFileType = folder.assetcatalog; path = Assets.xcassets; sourceTree = "<group>"; };
		4D118D5128DBA00D00BEDE14 /* Base */ = {isa = PBXFileReference; lastKnownFileType = file.storyboard; name = Base; path = Base.lproj/LaunchScreen.storyboard; sourceTree = "<group>"; };
		4D118D5328DBA00D00BEDE14 /* Info.plist */ = {isa = PBXFileReference; lastKnownFileType = text.plist.xml; path = Info.plist; sourceTree = "<group>"; };
		4D118D5928DC239D00BEDE14 /* SearchVC.swift */ = {isa = PBXFileReference; lastKnownFileType = sourcecode.swift; path = SearchVC.swift; sourceTree = "<group>"; };
		4D118D5B28DC23C400BEDE14 /* FavoritesListVC.swift */ = {isa = PBXFileReference; lastKnownFileType = sourcecode.swift; path = FavoritesListVC.swift; sourceTree = "<group>"; };
		4D118D5D28DCAECF00BEDE14 /* GFButton.swift */ = {isa = PBXFileReference; lastKnownFileType = sourcecode.swift; path = GFButton.swift; sourceTree = "<group>"; };
		4D118D5F28DCB26100BEDE14 /* GFTextField.swift */ = {isa = PBXFileReference; lastKnownFileType = sourcecode.swift; path = GFTextField.swift; sourceTree = "<group>"; };
		4D118D6128DCE7BC00BEDE14 /* FollowerListVC.swift */ = {isa = PBXFileReference; lastKnownFileType = sourcecode.swift; path = FollowerListVC.swift; sourceTree = "<group>"; };
		4D118D6328DD72C000BEDE14 /* GFTitleLabel.swift */ = {isa = PBXFileReference; lastKnownFileType = sourcecode.swift; path = GFTitleLabel.swift; sourceTree = "<group>"; };
		4D118D6528DD741000BEDE14 /* GFBodyLabel.swift */ = {isa = PBXFileReference; lastKnownFileType = sourcecode.swift; path = GFBodyLabel.swift; sourceTree = "<group>"; };
		4D118D6728DD74CF00BEDE14 /* GFAlertVC.swift */ = {isa = PBXFileReference; lastKnownFileType = sourcecode.swift; path = GFAlertVC.swift; sourceTree = "<group>"; };
		4DD38FE628E2F112007EA354 /* UIViewController.swift */ = {isa = PBXFileReference; lastKnownFileType = sourcecode.swift; path = UIViewController.swift; sourceTree = "<group>"; };
/* End PBXFileReference section */

/* Begin PBXFrameworksBuildPhase section */
		4D118D3F28DBA00B00BEDE14 /* Frameworks */ = {
			isa = PBXFrameworksBuildPhase;
			buildActionMask = 2147483647;
			files = (
			);
			runOnlyForDeploymentPostprocessing = 0;
		};
/* End PBXFrameworksBuildPhase section */

/* Begin PBXGroup section */
		4D118D3928DBA00B00BEDE14 = {
			isa = PBXGroup;
			children = (
				4D118D4428DBA00B00BEDE14 /* GitHubFollower */,
				4D118D4328DBA00B00BEDE14 /* Products */,
			);
			sourceTree = "<group>";
		};
		4D118D4328DBA00B00BEDE14 /* Products */ = {
			isa = PBXGroup;
			children = (
				4D118D4228DBA00B00BEDE14 /* GitHubFollower.app */,
			);
			name = Products;
			sourceTree = "<group>";
		};
		4D118D4428DBA00B00BEDE14 /* GitHubFollower */ = {
			isa = PBXGroup;
			children = (
				4D118D4528DBA00B00BEDE14 /* AppDelegate.swift */,
				4D118D4728DBA00B00BEDE14 /* SceneDelegate.swift */,
				4D118D4E28DBA00D00BEDE14 /* Assets.xcassets */,
				4D118D5028DBA00D00BEDE14 /* LaunchScreen.storyboard */,
				4D118D5328DBA00D00BEDE14 /* Info.plist */,
				4D118D5928DC239D00BEDE14 /* SearchVC.swift */,
				4D118D5B28DC23C400BEDE14 /* FavoritesListVC.swift */,
				4D118D5D28DCAECF00BEDE14 /* GFButton.swift */,
				4D118D5F28DCB26100BEDE14 /* GFTextField.swift */,
				4D118D6128DCE7BC00BEDE14 /* FollowerListVC.swift */,
				4D118D6328DD72C000BEDE14 /* GFTitleLabel.swift */,
				4D118D6528DD741000BEDE14 /* GFBodyLabel.swift */,
				4D118D6728DD74CF00BEDE14 /* GFAlertVC.swift */,
				4DD38FE628E2F112007EA354 /* UIViewController.swift */,
			);
			path = GitHubFollower;
			sourceTree = "<group>";
		};
/* End PBXGroup section */

/* Begin PBXNativeTarget section */
		4D118D4128DBA00B00BEDE14 /* GitHubFollower */ = {
			isa = PBXNativeTarget;
			buildConfigurationList = 4D118D5628DBA00D00BEDE14 /* Build configuration list for PBXNativeTarget "GitHubFollower" */;
			buildPhases = (
				4D118D3E28DBA00B00BEDE14 /* Sources */,
				4D118D3F28DBA00B00BEDE14 /* Frameworks */,
				4D118D4028DBA00B00BEDE14 /* Resources */,
			);
			buildRules = (
			);
			dependencies = (
			);
			name = GitHubFollower;
			productName = GitHubFollower;
			productReference = 4D118D4228DBA00B00BEDE14 /* GitHubFollower.app */;
			productType = "com.apple.product-type.application";
		};
/* End PBXNativeTarget section */

/* Begin PBXProject section */
		4D118D3A28DBA00B00BEDE14 /* Project object */ = {
			isa = PBXProject;
			attributes = {
				BuildIndependentTargetsInParallel = 1;
				LastSwiftUpdateCheck = 1340;
				LastUpgradeCheck = 1340;
				TargetAttributes = {
					4D118D4128DBA00B00BEDE14 = {
						CreatedOnToolsVersion = 13.4.1;
					};
				};
			};
			buildConfigurationList = 4D118D3D28DBA00B00BEDE14 /* Build configuration list for PBXProject "GitHubFollower" */;
			compatibilityVersion = "Xcode 13.0";
			developmentRegion = en;
			hasScannedForEncodings = 0;
			knownRegions = (
				en,
				Base,
			);
			mainGroup = 4D118D3928DBA00B00BEDE14;
			productRefGroup = 4D118D4328DBA00B00BEDE14 /* Products */;
			projectDirPath = "";
			projectRoot = "";
			targets = (
				4D118D4128DBA00B00BEDE14 /* GitHubFollower */,
			);
		};
/* End PBXProject section */

/* Begin PBXResourcesBuildPhase section */
		4D118D4028DBA00B00BEDE14 /* Resources */ = {
			isa = PBXResourcesBuildPhase;
			buildActionMask = 2147483647;
			files = (
				4D118D5228DBA00D00BEDE14 /* LaunchScreen.storyboard in Resources */,
				4D118D4F28DBA00D00BEDE14 /* Assets.xcassets in Resources */,
			);
			runOnlyForDeploymentPostprocessing = 0;
		};
/* End PBXResourcesBuildPhase section */

/* Begin PBXSourcesBuildPhase section */
		4D118D3E28DBA00B00BEDE14 /* Sources */ = {
			isa = PBXSourcesBuildPhase;
			buildActionMask = 2147483647;
			files = (
				4D118D6028DCB26100BEDE14 /* GFTextField.swift in Sources */,
				4D118D5C28DC23C400BEDE14 /* FavoritesListVC.swift in Sources */,
				4D118D5E28DCAECF00BEDE14 /* GFButton.swift in Sources */,
				4DD38FE728E2F112007EA354 /* UIViewController.swift in Sources */,
				4D118D5A28DC239D00BEDE14 /* SearchVC.swift in Sources */,
				4D118D6828DD74CF00BEDE14 /* GFAlertVC.swift in Sources */,
				4D118D6628DD741000BEDE14 /* GFBodyLabel.swift in Sources */,
				4D118D6428DD72C000BEDE14 /* GFTitleLabel.swift in Sources */,
				4D118D6228DCE7BC00BEDE14 /* FollowerListVC.swift in Sources */,
				4D118D4628DBA00B00BEDE14 /* AppDelegate.swift in Sources */,
				4D118D4828DBA00B00BEDE14 /* SceneDelegate.swift in Sources */,
			);
			runOnlyForDeploymentPostprocessing = 0;
		};
/* End PBXSourcesBuildPhase section */

/* Begin PBXVariantGroup section */
		4D118D5028DBA00D00BEDE14 /* LaunchScreen.storyboard */ = {
			isa = PBXVariantGroup;
			children = (
				4D118D5128DBA00D00BEDE14 /* Base */,
			);
			name = LaunchScreen.storyboard;
			sourceTree = "<group>";
		};
/* End PBXVariantGroup section */

/* Begin XCBuildConfiguration section */
		4D118D5428DBA00D00BEDE14 /* Debug */ = {
			isa = XCBuildConfiguration;
			buildSettings = {
				ALWAYS_SEARCH_USER_PATHS = NO;
				CLANG_ANALYZER_NONNULL = YES;
				CLANG_ANALYZER_NUMBER_OBJECT_CONVERSION = YES_AGGRESSIVE;
				CLANG_CXX_LANGUAGE_STANDARD = "gnu++17";
				CLANG_ENABLE_MODULES = YES;
				CLANG_ENABLE_OBJC_ARC = YES;
				CLANG_ENABLE_OBJC_WEAK = YES;
				CLANG_WARN_BLOCK_CAPTURE_AUTORELEASING = YES;
				CLANG_WARN_BOOL_CONVERSION = YES;
				CLANG_WARN_COMMA = YES;
				CLANG_WARN_CONSTANT_CONVERSION = YES;
				CLANG_WARN_DEPRECATED_OBJC_IMPLEMENTATIONS = YES;
				CLANG_WARN_DIRECT_OBJC_ISA_USAGE = YES_ERROR;
				CLANG_WARN_DOCUMENTATION_COMMENTS = YES;
				CLANG_WARN_EMPTY_BODY = YES;
				CLANG_WARN_ENUM_CONVERSION = YES;
				CLANG_WARN_INFINITE_RECURSION = YES;
				CLANG_WARN_INT_CONVERSION = YES;
				CLANG_WARN_NON_LITERAL_NULL_CONVERSION = YES;
				CLANG_WARN_OBJC_IMPLICIT_RETAIN_SELF = YES;
				CLANG_WARN_OBJC_LITERAL_CONVERSION = YES;
				CLANG_WARN_OBJC_ROOT_CLASS = YES_ERROR;
				CLANG_WARN_QUOTED_INCLUDE_IN_FRAMEWORK_HEADER = YES;
				CLANG_WARN_RANGE_LOOP_ANALYSIS = YES;
				CLANG_WARN_STRICT_PROTOTYPES = YES;
				CLANG_WARN_SUSPICIOUS_MOVE = YES;
				CLANG_WARN_UNGUARDED_AVAILABILITY = YES_AGGRESSIVE;
				CLANG_WARN_UNREACHABLE_CODE = YES;
				CLANG_WARN__DUPLICATE_METHOD_MATCH = YES;
				COPY_PHASE_STRIP = NO;
				DEBUG_INFORMATION_FORMAT = dwarf;
				ENABLE_STRICT_OBJC_MSGSEND = YES;
				ENABLE_TESTABILITY = YES;
				GCC_C_LANGUAGE_STANDARD = gnu11;
				GCC_DYNAMIC_NO_PIC = NO;
				GCC_NO_COMMON_BLOCKS = YES;
				GCC_OPTIMIZATION_LEVEL = 0;
				GCC_PREPROCESSOR_DEFINITIONS = (
					"DEBUG=1",
					"$(inherited)",
				);
				GCC_WARN_64_TO_32_BIT_CONVERSION = YES;
				GCC_WARN_ABOUT_RETURN_TYPE = YES_ERROR;
				GCC_WARN_UNDECLARED_SELECTOR = YES;
				GCC_WARN_UNINITIALIZED_AUTOS = YES_AGGRESSIVE;
				GCC_WARN_UNUSED_FUNCTION = YES;
				GCC_WARN_UNUSED_VARIABLE = YES;
				IPHONEOS_DEPLOYMENT_TARGET = 15.5;
				MTL_ENABLE_DEBUG_INFO = INCLUDE_SOURCE;
				MTL_FAST_MATH = YES;
				ONLY_ACTIVE_ARCH = YES;
				SDKROOT = iphoneos;
				SWIFT_ACTIVE_COMPILATION_CONDITIONS = DEBUG;
				SWIFT_OPTIMIZATION_LEVEL = "-Onone";
			};
			name = Debug;
		};
		4D118D5528DBA00D00BEDE14 /* Release */ = {
			isa = XCBuildConfiguration;
			buildSettings = {
				ALWAYS_SEARCH_USER_PATHS = NO;
				CLANG_ANALYZER_NONNULL = YES;
				CLANG_ANALYZER_NUMBER_OBJECT_CONVERSION = YES_AGGRESSIVE;
				CLANG_CXX_LANGUAGE_STANDARD = "gnu++17";
				CLANG_ENABLE_MODULES = YES;
				CLANG_ENABLE_OBJC_ARC = YES;
				CLANG_ENABLE_OBJC_WEAK = YES;
				CLANG_WARN_BLOCK_CAPTURE_AUTORELEASING = YES;
				CLANG_WARN_BOOL_CONVERSION = YES;
				CLANG_WARN_COMMA = YES;
				CLANG_WARN_CONSTANT_CONVERSION = YES;
				CLANG_WARN_DEPRECATED_OBJC_IMPLEMENTATIONS = YES;
				CLANG_WARN_DIRECT_OBJC_ISA_USAGE = YES_ERROR;
				CLANG_WARN_DOCUMENTATION_COMMENTS = YES;
				CLANG_WARN_EMPTY_BODY = YES;
				CLANG_WARN_ENUM_CONVERSION = YES;
				CLANG_WARN_INFINITE_RECURSION = YES;
				CLANG_WARN_INT_CONVERSION = YES;
				CLANG_WARN_NON_LITERAL_NULL_CONVERSION = YES;
				CLANG_WARN_OBJC_IMPLICIT_RETAIN_SELF = YES;
				CLANG_WARN_OBJC_LITERAL_CONVERSION = YES;
				CLANG_WARN_OBJC_ROOT_CLASS = YES_ERROR;
				CLANG_WARN_QUOTED_INCLUDE_IN_FRAMEWORK_HEADER = YES;
				CLANG_WARN_RANGE_LOOP_ANALYSIS = YES;
				CLANG_WARN_STRICT_PROTOTYPES = YES;
				CLANG_WARN_SUSPICIOUS_MOVE = YES;
				CLANG_WARN_UNGUARDED_AVAILABILITY = YES_AGGRESSIVE;
				CLANG_WARN_UNREACHABLE_CODE = YES;
				CLANG_WARN__DUPLICATE_METHOD_MATCH = YES;
				COPY_PHASE_STRIP = NO;
				DEBUG_INFORMATION_FORMAT = "dwarf-with-dsym";
				ENABLE_NS_ASSERTIONS = NO;
				ENABLE_STRICT_OBJC_MSGSEND = YES;
				GCC_C_LANGUAGE_STANDARD = gnu11;
				GCC_NO_COMMON_BLOCKS = YES;
				GCC_WARN_64_TO_32_BIT_CONVERSION = YES;
				GCC_WARN_ABOUT_RETURN_TYPE = YES_ERROR;
				GCC_WARN_UNDECLARED_SELECTOR = YES;
				GCC_WARN_UNINITIALIZED_AUTOS = YES_AGGRESSIVE;
				GCC_WARN_UNUSED_FUNCTION = YES;
				GCC_WARN_UNUSED_VARIABLE = YES;
				IPHONEOS_DEPLOYMENT_TARGET = 15.5;
				MTL_ENABLE_DEBUG_INFO = NO;
				MTL_FAST_MATH = YES;
				SDKROOT = iphoneos;
				SWIFT_COMPILATION_MODE = wholemodule;
				SWIFT_OPTIMIZATION_LEVEL = "-O";
				VALIDATE_PRODUCT = YES;
			};
			name = Release;
		};
		4D118D5728DBA00D00BEDE14 /* Debug */ = {
			isa = XCBuildConfiguration;
			buildSettings = {
				ASSETCATALOG_COMPILER_APPICON_NAME = AppIcon;
				ASSETCATALOG_COMPILER_GLOBAL_ACCENT_COLOR_NAME = AccentColor;
				CODE_SIGN_STYLE = Automatic;
				CURRENT_PROJECT_VERSION = 1;
				DEVELOPMENT_TEAM = AYJZ2FQZAS;
				GENERATE_INFOPLIST_FILE = YES;
				INFOPLIST_FILE = GitHubFollower/Info.plist;
				INFOPLIST_KEY_UIApplicationSupportsIndirectInputEvents = YES;
				INFOPLIST_KEY_UILaunchStoryboardName = LaunchScreen;
				INFOPLIST_KEY_UISupportedInterfaceOrientations = UIInterfaceOrientationPortrait;
				INFOPLIST_KEY_UISupportedInterfaceOrientations_iPad = "UIInterfaceOrientationPortrait UIInterfaceOrientationPortraitUpsideDown UIInterfaceOrientationLandscapeLeft UIInterfaceOrientationLandscapeRight";
				INFOPLIST_KEY_UISupportedInterfaceOrientations_iPhone = "UIInterfaceOrientationPortrait UIInterfaceOrientationLandscapeLeft UIInterfaceOrientationLandscapeRight";
				LD_RUNPATH_SEARCH_PATHS = (
					"$(inherited)",
					"@executable_path/Frameworks",
				);
				MARKETING_VERSION = 1.0;
				PRODUCT_BUNDLE_IDENTIFIER = jasonfernando.GitHubFollower;
				PRODUCT_NAME = "$(TARGET_NAME)";
				SWIFT_EMIT_LOC_STRINGS = YES;
				SWIFT_VERSION = 5.0;
				TARGETED_DEVICE_FAMILY = 1;
			};
			name = Debug;
		};
		4D118D5828DBA00D00BEDE14 /* Release */ = {
			isa = XCBuildConfiguration;
			buildSettings = {
				ASSETCATALOG_COMPILER_APPICON_NAME = AppIcon;
				ASSETCATALOG_COMPILER_GLOBAL_ACCENT_COLOR_NAME = AccentColor;
				CODE_SIGN_STYLE = Automatic;
				CURRENT_PROJECT_VERSION = 1;
				DEVELOPMENT_TEAM = AYJZ2FQZAS;
				GENERATE_INFOPLIST_FILE = YES;
				INFOPLIST_FILE = GitHubFollower/Info.plist;
				INFOPLIST_KEY_UIApplicationSupportsIndirectInputEvents = YES;
				INFOPLIST_KEY_UILaunchStoryboardName = LaunchScreen;
				INFOPLIST_KEY_UISupportedInterfaceOrientations = UIInterfaceOrientationPortrait;
				INFOPLIST_KEY_UISupportedInterfaceOrientations_iPad = "UIInterfaceOrientationPortrait UIInterfaceOrientationPortraitUpsideDown UIInterfaceOrientationLandscapeLeft UIInterfaceOrientationLandscapeRight";
				INFOPLIST_KEY_UISupportedInterfaceOrientations_iPhone = "UIInterfaceOrientationPortrait UIInterfaceOrientationLandscapeLeft UIInterfaceOrientationLandscapeRight";
				LD_RUNPATH_SEARCH_PATHS = (
					"$(inherited)",
					"@executable_path/Frameworks",
				);
				MARKETING_VERSION = 1.0;
				PRODUCT_BUNDLE_IDENTIFIER = jasonfernando.GitHubFollower;
				PRODUCT_NAME = "$(TARGET_NAME)";
				SWIFT_EMIT_LOC_STRINGS = YES;
				SWIFT_VERSION = 5.0;
				TARGETED_DEVICE_FAMILY = 1;
			};
			name = Release;
		};
/* End XCBuildConfiguration section */

/* Begin XCConfigurationList section */
		4D118D3D28DBA00B00BEDE14 /* Build configuration list for PBXProject "GitHubFollower" */ = {
			isa = XCConfigurationList;
			buildConfigurations = (
				4D118D5428DBA00D00BEDE14 /* Debug */,
				4D118D5528DBA00D00BEDE14 /* Release */,
			);
			defaultConfigurationIsVisible = 0;
			defaultConfigurationName = Release;
		};
		4D118D5628DBA00D00BEDE14 /* Build configuration list for PBXNativeTarget "GitHubFollower" */ = {
			isa = XCConfigurationList;
			buildConfigurations = (
				4D118D5728DBA00D00BEDE14 /* Debug */,
				4D118D5828DBA00D00BEDE14 /* Release */,
			);
			defaultConfigurationIsVisible = 0;
			defaultConfigurationName = Release;
		};
/* End XCConfigurationList section */
	};
	rootObject = 4D118D3A28DBA00B00BEDE14 /* Project object */;
}
